{
  "name": "async-json-demo",
  "version": "1.0.0",
  "lockfileVersion": 1,
  "requires": true,
  "dependencies": {
    "yieldable-json": {
      "version": "2.0.1",
      "resolved": "https://registry.npmjs.org/yieldable-json/-/yieldable-json-2.0.1.tgz",
      "integrity": "sha512-kFDzXrWlXXt21MQPCul6gAMwwiLoz6XgCbQF+2qNChqdiZnc1SW3l/b/x/XzlZchG2iaVjDIDW5Fnz+sL+FbCw=="
    }
  }
}
